{
  "nodes": {
    "nixpkgs": {
      "locked": {
        "lastModified": 1653086549,
        "narHash": "sha256-9Gt55P+hh70m/vx0zS5iJrMFrU4Rf0uO+nG9NFxTW1U=",
        "owner": "nixos",
        "repo": "nixpkgs",
        "rev": "98bcd08cb1778d103bac1149621b3568014aadbd",
        "type": "github"
      },
      "original": {
        "owner": "nixos",
        "ref": "nixos-unstable-small",
        "repo": "nixpkgs",
        "type": "github"
      }
    },
    "root": {
      "inputs": {
        "nixpkgs": "nixpkgs"
      }
    }
  },
  "root": "root",
  "version": 7
}
