{
  "nodes": {
    "nixpkgs": {
      "locked": {
        "lastModified": 1650020041,
        "narHash": "sha256-mtGIrXOrewxq2aLt1FUWVL0bRzxEsr0sznO+e3L7nWc=",
        "owner": "nixos",
        "repo": "nixpkgs",
        "rev": "d3b68c67ea981267eb406097aba5c8c299fd1d68",
        "type": "github"
      },
      "original": {
        "owner": "nixos",
        "ref": "nixos-unstable-small",
        "repo": "nixpkgs",
        "type": "github"
      }
    },
    "root": {
      "inputs": {
        "nixpkgs": "nixpkgs"
      }
    }
  },
  "root": "root",
  "version": 7
}
