{
  "nodes": {
    "nixpkgs": {
      "locked": {
        "lastModified": 1665293210,
        "narHash": "sha256-qQTfWlvaEfyuIpnD9dU5f2B/YoZbmSq+T5B7ryOgciM=",
        "owner": "nixos",
        "repo": "nixpkgs",
        "rev": "ce1a1bdb98547274597258330b46c86b71e87e5b",
        "type": "github"
      },
      "original": {
        "owner": "nixos",
        "ref": "nixos-unstable-small",
        "repo": "nixpkgs",
        "type": "github"
      }
    },
    "root": {
      "inputs": {
        "nixpkgs": "nixpkgs"
      }
    }
  },
  "root": "root",
  "version": 7
}
